# THIS IS AN AUTOGENERATED FILE. DO NOT EDIT THIS FILE DIRECTLY.
# yarn lockfile v1


"@babel/code-frame@^7.25.9":
  version "7.25.9"
  resolved "https://registry.yarnpkg.com/@babel/code-frame/-/code-frame-7.25.9.tgz#895b6c7e04a7271a0cbfd575d2e8131751914cc7"
  integrity sha512-z88xeGxnzehn2sqZ8UdGQEvYErF1odv2CftxInpSYJt6uHuPe9YjahKZITGs3l5LeI9d2ROG+obuDAoSlqbNfQ==
  dependencies:
    "@babel/highlight" "^7.25.9"
    picocolors "^1.0.0"

"@babel/generator@^7.25.9":
  version "7.25.9"
  resolved "https://registry.yarnpkg.com/@babel/generator/-/generator-7.25.9.tgz#c7e828ebe0c2baba103b712924699c9e8a6e32f0"
  integrity sha512-omlUGkr5EaoIJrhLf9CJ0TvjBRpd9+AXRG//0GEQ9THSo8wPiTlbpy1/Ow8ZTrbXpjd9FHXfbFQx32I04ht0FA==
  dependencies:
    "@babel/types" "^7.25.9"
    "@jridgewell/gen-mapping" "^0.3.5"
    "@jridgewell/trace-mapping" "^0.3.25"
    jsesc "^3.0.2"

"@babel/helper-annotate-as-pure@^7.18.6", "@babel/helper-annotate-as-pure@^7.25.9":
  version "7.25.9"
  resolved "https://registry.yarnpkg.com/@babel/helper-annotate-as-pure/-/helper-annotate-as-pure-7.25.9.tgz#d8eac4d2dc0d7b6e11fa6e535332e0d3184f06b4"
  integrity sha512-gv7320KBUFJz1RnylIg5WWYPRXKZ884AGkYpgpWW02TH66Dl+HaC1t1CKd0z3R4b6hdYEcmrNZHUmfCP+1u3/g==
  dependencies:
    "@babel/types" "^7.25.9"

"@babel/helper-create-class-features-plugin@^7.21.0":
  version "7.25.9"
  resolved "https://registry.yarnpkg.com/@babel/helper-create-class-features-plugin/-/helper-create-class-features-plugin-7.25.9.tgz#7644147706bb90ff613297d49ed5266bde729f83"
  integrity sha512-UTZQMvt0d/rSz6KI+qdu7GQze5TIajwTS++GUozlw8VBJDEOAqSXwm1WvmYEZwqdqSGQshRocPDqrt4HBZB3fQ==
  dependencies:
    "@babel/helper-annotate-as-pure" "^7.25.9"
    "@babel/helper-member-expression-to-functions" "^7.25.9"
    "@babel/helper-optimise-call-expression" "^7.25.9"
    "@babel/helper-replace-supers" "^7.25.9"
    "@babel/helper-skip-transparent-expression-wrappers" "^7.25.9"
    "@babel/traverse" "^7.25.9"
    semver "^6.3.1"

"@babel/helper-member-expression-to-functions@^7.25.9":
  version "7.25.9"
  resolved "https://registry.yarnpkg.com/@babel/helper-member-expression-to-functions/-/helper-member-expression-to-functions-7.25.9.tgz#9dfffe46f727005a5ea29051ac835fb735e4c1a3"
  integrity sha512-wbfdZ9w5vk0C0oyHqAJbc62+vet5prjj01jjJ8sKn3j9h3MQQlflEdXYvuqRWjHnM12coDEqiC1IRCi0U/EKwQ==
  dependencies:
    "@babel/traverse" "^7.25.9"
    "@babel/types" "^7.25.9"

"@babel/helper-optimise-call-expression@^7.25.9":
  version "7.25.9"
  resolved "https://registry.yarnpkg.com/@babel/helper-optimise-call-expression/-/helper-optimise-call-expression-7.25.9.tgz#3324ae50bae7e2ab3c33f60c9a877b6a0146b54e"
  integrity sha512-FIpuNaz5ow8VyrYcnXQTDRGvV6tTjkNtCK/RYNDXGSLlUD6cBuQTSw43CShGxjvfBTfcUA/r6UhUCbtYqkhcuQ==
  dependencies:
    "@babel/types" "^7.25.9"

"@babel/helper-plugin-utils@^7.14.5", "@babel/helper-plugin-utils@^7.20.2":
  version "7.25.9"
  resolved "https://registry.yarnpkg.com/@babel/helper-plugin-utils/-/helper-plugin-utils-7.25.9.tgz#9cbdd63a9443a2c92a725cca7ebca12cc8dd9f46"
  integrity sha512-kSMlyUVdWe25rEsRGviIgOWnoT/nfABVWlqt9N19/dIPWViAOW2s9wznP5tURbs/IDuNk4gPy3YdYRgH3uxhBw==

"@babel/helper-replace-supers@^7.25.9":
  version "7.25.9"
  resolved "https://registry.yarnpkg.com/@babel/helper-replace-supers/-/helper-replace-supers-7.25.9.tgz#ba447224798c3da3f8713fc272b145e33da6a5c5"
  integrity sha512-IiDqTOTBQy0sWyeXyGSC5TBJpGFXBkRynjBeXsvbhQFKj2viwJC76Epz35YLU1fpe/Am6Vppb7W7zM4fPQzLsQ==
  dependencies:
    "@babel/helper-member-expression-to-functions" "^7.25.9"
    "@babel/helper-optimise-call-expression" "^7.25.9"
    "@babel/traverse" "^7.25.9"

"@babel/helper-skip-transparent-expression-wrappers@^7.25.9":
  version "7.25.9"
  resolved "https://registry.yarnpkg.com/@babel/helper-skip-transparent-expression-wrappers/-/helper-skip-transparent-expression-wrappers-7.25.9.tgz#0b2e1b62d560d6b1954893fd2b705dc17c91f0c9"
  integrity sha512-K4Du3BFa3gvyhzgPcntrkDgZzQaq6uozzcpGbOO1OEJaI+EJdqWIMTLgFgQf6lrfiDFo5FU+BxKepI9RmZqahA==
  dependencies:
    "@babel/traverse" "^7.25.9"
    "@babel/types" "^7.25.9"

"@babel/helper-string-parser@^7.25.9":
  version "7.25.9"
  resolved "https://registry.yarnpkg.com/@babel/helper-string-parser/-/helper-string-parser-7.25.9.tgz#1aabb72ee72ed35789b4bbcad3ca2862ce614e8c"
  integrity sha512-4A/SCr/2KLd5jrtOMFzaKjVtAei3+2r/NChoBNoZ3EyP/+GlhoaEGoWOZUmFmoITP7zOJyHIMm+DYRd8o3PvHA==

"@babel/helper-validator-identifier@^7.25.9":
  version "7.25.9"
  resolved "https://registry.yarnpkg.com/@babel/helper-validator-identifier/-/helper-validator-identifier-7.25.9.tgz#24b64e2c3ec7cd3b3c547729b8d16871f22cbdc7"
  integrity sha512-Ed61U6XJc3CVRfkERJWDz4dJwKe7iLmmJsbOGu9wSloNSFttHV0I8g6UAgb7qnK5ly5bGLPd4oXZlxCdANBOWQ==

"@babel/highlight@^7.25.9":
  version "7.25.9"
  resolved "https://registry.yarnpkg.com/@babel/highlight/-/highlight-7.25.9.tgz#8141ce68fc73757946f983b343f1231f4691acc6"
  integrity sha512-llL88JShoCsth8fF8R4SJnIn+WLvR6ccFxu1H3FlMhDontdcmZWf2HgIZ7AIqV3Xcck1idlohrN4EUBQz6klbw==
  dependencies:
    "@babel/helper-validator-identifier" "^7.25.9"
    chalk "^2.4.2"
    js-tokens "^4.0.0"
    picocolors "^1.0.0"

"@babel/parser@^7.25.9":
  version "7.25.9"
  resolved "https://registry.yarnpkg.com/@babel/parser/-/parser-7.25.9.tgz#8fcaa079ac7458facfddc5cd705cc8005e4d3817"
  integrity sha512-aI3jjAAO1fh7vY/pBGsn1i9LDbRP43+asrRlkPuTXW5yHXtd1NgTEMudbBoDDxrf1daEEfPJqR+JBMakzrR4Dg==
  dependencies:
    "@babel/types" "^7.25.9"

"@babel/plugin-proposal-private-property-in-object@^7.21.11":
  version "7.21.11"
  resolved "https://registry.yarnpkg.com/@babel/plugin-proposal-private-property-in-object/-/plugin-proposal-private-property-in-object-7.21.11.tgz#69d597086b6760c4126525cfa154f34631ff272c"
  integrity sha512-0QZ8qP/3RLDVBwBFoWAwCtgcDZJVwA5LUJRZU8x2YFfKNuFq161wK3cuGrALu5yiPu+vzwTAg/sMWVNeWeNyaw==
  dependencies:
    "@babel/helper-annotate-as-pure" "^7.18.6"
    "@babel/helper-create-class-features-plugin" "^7.21.0"
    "@babel/helper-plugin-utils" "^7.20.2"
    "@babel/plugin-syntax-private-property-in-object" "^7.14.5"

"@babel/plugin-syntax-private-property-in-object@^7.14.5":
  version "7.14.5"
  resolved "https://registry.yarnpkg.com/@babel/plugin-syntax-private-property-in-object/-/plugin-syntax-private-property-in-object-7.14.5.tgz#0dc6671ec0ea22b6e94a1114f857970cd39de1ad"
  integrity sha512-0wVnp9dxJ72ZUJDV27ZfbSj6iHLoytYZmh3rFcxNnvsJF3ktkzLDZPy/mA17HGsaQT3/DQsWYX1f1QGWkCoVUg==
  dependencies:
    "@babel/helper-plugin-utils" "^7.14.5"

"@babel/template@^7.25.9":
  version "7.25.9"
  resolved "https://registry.yarnpkg.com/@babel/template/-/template-7.25.9.tgz#ecb62d81a8a6f5dc5fe8abfc3901fc52ddf15016"
  integrity sha512-9DGttpmPvIxBb/2uwpVo3dqJ+O6RooAFOS+lB+xDqoE2PVCE8nfoHMdZLpfCQRLwvohzXISPZcgxt80xLfsuwg==
  dependencies:
    "@babel/code-frame" "^7.25.9"
    "@babel/parser" "^7.25.9"
    "@babel/types" "^7.25.9"

"@babel/traverse@^7.25.9":
  version "7.25.9"
  resolved "https://registry.yarnpkg.com/@babel/traverse/-/traverse-7.25.9.tgz#a50f8fe49e7f69f53de5bea7e413cd35c5e13c84"
  integrity sha512-ZCuvfwOwlz/bawvAuvcj8rrithP2/N55Tzz342AkTvq4qaWbGfmCk/tKhNaV2cthijKrPAA8SRJV5WWe7IBMJw==
  dependencies:
    "@babel/code-frame" "^7.25.9"
    "@babel/generator" "^7.25.9"
    "@babel/parser" "^7.25.9"
    "@babel/template" "^7.25.9"
    "@babel/types" "^7.25.9"
    debug "^4.3.1"
    globals "^11.1.0"

"@babel/types@^7.25.9":
  version "7.25.9"
  resolved "https://registry.yarnpkg.com/@babel/types/-/types-7.25.9.tgz#620f35ea1f4233df529ec9a2668d2db26574deee"
  integrity sha512-OwS2CM5KocvQ/k7dFJa8i5bNGJP0hXWfVCfDkqRFP1IreH1JDC7wG6eCYCi0+McbfT8OR/kNqsI0UU0xP9H6PQ==
  dependencies:
    "@babel/helper-string-parser" "^7.25.9"
    "@babel/helper-validator-identifier" "^7.25.9"

"@jridgewell/gen-mapping@^0.3.5":
  version "0.3.5"
  resolved "https://registry.yarnpkg.com/@jridgewell/gen-mapping/-/gen-mapping-0.3.5.tgz#dcce6aff74bdf6dad1a95802b69b04a2fcb1fb36"
  integrity sha512-IzL8ZoEDIBRWEzlCcRhOaCupYyN5gdIK+Q6fbFdPDg6HqX6jpkItn7DFIpW9LQzXG6Df9sA7+OKnq0qlz/GaQg==
  dependencies:
    "@jridgewell/set-array" "^1.2.1"
    "@jridgewell/sourcemap-codec" "^1.4.10"
    "@jridgewell/trace-mapping" "^0.3.24"

"@jridgewell/resolve-uri@^3.1.0":
  version "3.1.2"
  resolved "https://registry.yarnpkg.com/@jridgewell/resolve-uri/-/resolve-uri-3.1.2.tgz#7a0ee601f60f99a20c7c7c5ff0c80388c1189bd6"
  integrity sha512-bRISgCIjP20/tbWSPWMEi54QVPRZExkuD9lJL+UIxUKtwVJA8wW1Trb1jMs1RFXo1CBTNZ/5hpC9QvmKWdopKw==

"@jridgewell/set-array@^1.2.1":
  version "1.2.1"
  resolved "https://registry.yarnpkg.com/@jridgewell/set-array/-/set-array-1.2.1.tgz#558fb6472ed16a4c850b889530e6b36438c49280"
  integrity sha512-R8gLRTZeyp03ymzP/6Lil/28tGeGEzhx1q2k703KGWRAI1VdvPIXdG70VJc2pAMw3NA6JKL5hhFu1sJX0Mnn/A==

"@jridgewell/sourcemap-codec@^1.4.10", "@jridgewell/sourcemap-codec@^1.4.14":
  version "1.5.0"
  resolved "https://registry.yarnpkg.com/@jridgewell/sourcemap-codec/-/sourcemap-codec-1.5.0.tgz#3188bcb273a414b0d215fd22a58540b989b9409a"
  integrity sha512-gv3ZRaISU3fjPAgNsriBRqGWQL6quFx04YMPW/zD8XMLsU32mhCCbfbO6KZFLjvYpCZ8zyDEgqsgf+PwPaM7GQ==

"@jridgewell/trace-mapping@^0.3.24", "@jridgewell/trace-mapping@^0.3.25":
  version "0.3.25"
  resolved "https://registry.yarnpkg.com/@jridgewell/trace-mapping/-/trace-mapping-0.3.25.tgz#15f190e98895f3fc23276ee14bc76b675c2e50f0"
  integrity sha512-vNk6aEwybGtawWmy/PzwnGDOjCkLWSD2wqvjGGAgOAwCGWySYXfYoxt00IJkTF+8Lb57DwOb3Aa0o9CApepiYQ==
  dependencies:
    "@jridgewell/resolve-uri" "^3.1.0"
    "@jridgewell/sourcemap-codec" "^1.4.14"

"@remix-run/router@1.20.0":
  version "1.20.0"
  resolved "https://registry.yarnpkg.com/@remix-run/router/-/router-1.20.0.tgz#03554155b45d8b529adf635b2f6ad1165d70d8b4"
  integrity sha512-mUnk8rPJBI9loFDZ+YzPGdeniYK+FTmRD1TMCz7ev2SNIozyKKpnGgsxO34u6Z4z/t0ITuu7voi/AshfsGsgFg==

ansi-styles@^3.2.1:
  version "3.2.1"
  resolved "https://registry.yarnpkg.com/ansi-styles/-/ansi-styles-3.2.1.tgz#41fbb20243e50b12be0f04b8dedbf07520ce841d"
  integrity sha512-VT0ZI6kZRdTh8YyJw3SMbYm/u+NqfsAxEpWO0Pf9sq8/e94WxxOpPKx9FR1FlyCtOVDNOQ+8ntlqFxiRc+r5qA==
  dependencies:
    color-convert "^1.9.0"

chalk@^2.4.2:
  version "2.4.2"
  resolved "https://registry.yarnpkg.com/chalk/-/chalk-2.4.2.tgz#cd42541677a54333cf541a49108c1432b44c9424"
  integrity sha512-Mti+f9lpJNcwF4tWV8/OrTTtF1gZi+f8FqlyAdouralcFWFQWF2+NgCHShjkCb+IFBLq9buZwE1xckQU4peSuQ==
  dependencies:
    ansi-styles "^3.2.1"
    escape-string-regexp "^1.0.5"
    supports-color "^5.3.0"

color-convert@^1.9.0:
  version "1.9.3"
  resolved "https://registry.yarnpkg.com/color-convert/-/color-convert-1.9.3.tgz#bb71850690e1f136567de629d2d5471deda4c1e8"
  integrity sha512-QfAUtd+vFdAtFQcC8CCyYt1fYWxSqAiK2cSD6zDB8N3cpsEBAvRxp9zOGg6G/SHHJYAT88/az/IuDGALsNVbGg==
  dependencies:
    color-name "1.1.3"

color-name@1.1.3:
  version "1.1.3"
  resolved "https://registry.yarnpkg.com/color-name/-/color-name-1.1.3.tgz#a7d0558bd89c42f795dd42328f740831ca53bc25"
  integrity sha512-72fSenhMw2HZMTVHeCA9KCmpEIbzWiQsjN+BHcBbS9vr1mtt+vJjPdksIBNUmKAW8TFUDPJK5SUU3QhE9NEXDw==

debug@^4.3.1:
  version "4.3.7"
  resolved "https://registry.yarnpkg.com/debug/-/debug-4.3.7.tgz#87945b4151a011d76d95a198d7111c865c360a52"
  integrity sha512-Er2nc/H7RrMXZBFCEim6TCmMk02Z8vLC2Rbi1KEBggpo0fS6l0S1nnapwmIi3yW/+GOJap1Krg4w0Hg80oCqgQ==
  dependencies:
    ms "^2.1.3"

escape-string-regexp@^1.0.5:
  version "1.0.5"
  resolved "https://registry.yarnpkg.com/escape-string-regexp/-/escape-string-regexp-1.0.5.tgz#1b61c0562190a8dff6ae3bb2cf0200ca130b86d4"
  integrity sha512-vbRorB5FUQWvla16U8R/qgaFIya2qGzwDrNmCZuYKrbdSUMG6I1ZCGQRefkRVhuOkIGVne7BQ35DSfo1qvJqFg==

globals@^11.1.0:
  version "11.12.0"
  resolved "https://registry.yarnpkg.com/globals/-/globals-11.12.0.tgz#ab8795338868a0babd8525758018c2a7eb95c42e"
  integrity sha512-WOBp/EEGUiIsJSp7wcv/y6MO+lV9UoncWqxuFfm8eBwzWNgyfBd6Gz+IeKQ9jCmyhoH99g15M3T+QaVHFjizVA==

has-flag@^3.0.0:
  version "3.0.0"
  resolved "https://registry.yarnpkg.com/has-flag/-/has-flag-3.0.0.tgz#b5d454dc2199ae225699f3467e5a07f3b955bafd"
  integrity sha512-sKJf1+ceQBr4SMkvQnBDNDtf4TXpVhVGateu0t918bl30FnbE2m4vNLX+VWe/dpjlb+HugGYzW7uQXH98HPEYw==

js-tokens@^4.0.0:
  version "4.0.0"
  resolved "https://registry.yarnpkg.com/js-tokens/-/js-tokens-4.0.0.tgz#19203fb59991df98e3a287050d4647cdeaf32499"
  integrity sha512-RdJUflcE3cUzKiMqQgsCu06FPu9UdIJO0beYbPhHN4k6apgJtifcoCtT9bcxOpYBtpD2kCM6Sbzg4CausW/PKQ==

jsesc@^3.0.2:
  version "3.0.2"
  resolved "https://registry.yarnpkg.com/jsesc/-/jsesc-3.0.2.tgz#bb8b09a6597ba426425f2e4a07245c3d00b9343e"
  integrity sha512-xKqzzWXDttJuOcawBt4KnKHHIf5oQ/Cxax+0PWFG+DFDgHNAdi+TXECADI+RYiFUMmx8792xsMbbgXj4CwnP4g==

ms@^2.1.3:
  version "2.1.3"
  resolved "https://registry.yarnpkg.com/ms/-/ms-2.1.3.tgz#574c8138ce1d2b5861f0b44579dbadd60c6615b2"
  integrity sha512-6FlzubTLZG3J2a/NVCAleEhjzq5oxgHyaCU9yYXvcLsvoVaHJq/s5xXI6/XXP6tz7R9xAOtHnSO/tXtF3WRTlA==

picocolors@^1.0.0:
  version "1.1.1"
  resolved "https://registry.yarnpkg.com/picocolors/-/picocolors-1.1.1.tgz#3d321af3eab939b083c8f929a1d12cda81c26b6b"
  integrity sha512-xceH2snhtb5M9liqDsmEw56le376mTZkEX/jEb/RxNFyegNul7eNslCXP9FDj/Lcu0X8KEyMceP2ntpaHrDEVA==

react-router-dom@^6.27.0:
  version "6.27.0"
  resolved "https://registry.yarnpkg.com/react-router-dom/-/react-router-dom-6.27.0.tgz#8d7972a425fd75f91c1e1ff67e47240c5752dc3f"
  integrity sha512-+bvtFWMC0DgAFrfKXKG9Fc+BcXWRUO1aJIihbB79xaeq0v5UzfvnM5houGUm1Y461WVRcgAQ+Clh5rdb1eCx4g==
  dependencies:
    "@remix-run/router" "1.20.0"
    react-router "6.27.0"

react-router@6.27.0, react-router@^6.27.0:
  version "6.27.0"
  resolved "https://registry.yarnpkg.com/react-router/-/react-router-6.27.0.tgz#db292474926c814c996c0ff3ef0162d1f9f60ed4"
  integrity sha512-YA+HGZXz4jaAkVoYBE98VQl+nVzI+cVI2Oj/06F5ZM+0u3TgedN9Y9kmMRo2mnkSK2nCpNQn0DVob4HCsY/WLw==
  dependencies:
    "@remix-run/router" "1.20.0"

semver@^6.3.1:
  version "6.3.1"
  resolved "https://registry.yarnpkg.com/semver/-/semver-6.3.1.tgz#556d2ef8689146e46dcea4bfdd095f3434dffcb4"
  integrity sha512-BR7VvDCVHO+q2xBEWskxS6DJE1qRnb7DxzUrogb71CWoSficBxYsiAGd+Kl0mmq/MprG9yArRkyrQxTO6XjMzA==

supports-color@^5.3.0:
  version "5.5.0"
  resolved "https://registry.yarnpkg.com/supports-color/-/supports-color-5.5.0.tgz#e2e69a44ac8772f78a1ec0b35b689df6530efc8f"
  integrity sha512-QjVjwdXIt408MIiAqCX4oUKsgU2EqAGzs2Ppkm4aQYbjm+ZEWEcW4SfFNTr4uMNZma0ey4f5lgLrkB0aX0QMow==
  dependencies:
    has-flag "^3.0.0"
